
Microsoft Visual Studio Solution File, Format Version 12.00
# Visual Studio Version 16
VisualStudioVersion = 16.0.30804.86
MinimumVisualStudioVersion = 10.0.40219.1
Project("{9A19103F-16F7-4668-BE54-9A1E7A4F7556}") = "OPCBlazor", "OPCBlazor\OPCBlazor.csproj", "{19ACC761-2EFD-434C-9F4A-DFD2D3F85BEE}"
EndProject
Global
	GlobalSection(SolutionConfigurationPlatforms) = preSolution
		Debug|Any CPU = Debug|Any CPU
		Release|Any CPU = Release|Any CPU
	EndGlobalSection
	GlobalSection(ProjectConfigurationPlatforms) = postSolution
		{19ACC761-2EFD-434C-9F4A-DFD2D3F85BEE}.Debug|Any CPU.ActiveCfg = Debug|Any CPU
		{19ACC761-2EFD-434C-9F4A-DFD2D3F85BEE}.Debug|Any CPU.Build.0 = Debug|Any CPU
		{19ACC761-2EFD-434C-9F4A-DFD2D3F85BEE}.Release|Any CPU.ActiveCfg = Release|Any CPU
		{19ACC761-2EFD-434C-9F4A-DFD2D3F85BEE}.Release|Any CPU.Build.0 = Release|Any CPU
	EndGlobalSection
	GlobalSection(SolutionProperties) = preSolution
		HideSolutionNode = FALSE
	EndGlobalSection
	GlobalSection(ExtensibilityGlobals) = postSolution
		SolutionGuid = {F98DE7A7-685A-44DA-81EA-35A74C5C66B1}
	EndGlobalSection
EndGlobal
